
Microsoft Visual Studio Solution File, Format Version 12.00
# Visual Studio Version 17
VisualStudioVersion = 17.14.36203.30 d17.14
MinimumVisualStudioVersion = 10.0.40219.1
Project("{FAE04EC0-301F-11D3-BF4B-00C04F79EFBC}") = "Missile Launching System", "Missile Launching System\Missile Launching System.csproj", "{BB8EF11D-A583-4D6A-AFED-FA653DB62DDB}"
EndProject
Global
	GlobalSection(SolutionConfigurationPlatforms) = preSolution
		Debug|Any CPU = Debug|Any CPU
		Release|Any CPU = Release|Any CPU
	EndGlobalSection
	GlobalSection(ProjectConfigurationPlatforms) = postSolution
		{BB8EF11D-A583-4D6A-AFED-FA653DB62DDB}.Debug|Any CPU.ActiveCfg = Debug|Any CPU
		{BB8EF11D-A583-4D6A-AFED-FA653DB62DDB}.Debug|Any CPU.Build.0 = Debug|Any CPU
		{BB8EF11D-A583-4D6A-AFED-FA653DB62DDB}.Release|Any CPU.ActiveCfg = Release|Any CPU
		{BB8EF11D-A583-4D6A-AFED-FA653DB62DDB}.Release|Any CPU.Build.0 = Release|Any CPU
	EndGlobalSection
	GlobalSection(SolutionProperties) = preSolution
		HideSolutionNode = FALSE
	EndGlobalSection
	GlobalSection(ExtensibilityGlobals) = postSolution
		SolutionGuid = {3CCD49BC-6B4C-4E27-B733-FF791A1E578E}
	EndGlobalSection
EndGlobal
